
Microsoft Visual Studio Solution File, Format Version 12.00
# Visual Studio Version 17
VisualStudioVersion = 17.3.32819.101
MinimumVisualStudioVersion = 10.0.40219.1
Project("{9A19103F-16F7-4668-BE54-9A1E7A4F7556}") = "732_2AlphSort", "732_2AlphSort\732_2AlphSort.csproj", "{9ECD680A-D7B7-4C41-ABE6-7392E75A2E48}"
EndProject
Project("{FAE04EC0-301F-11D3-BF4B-00C04F79EFBC}") = "UnitTests", "UnitTests\UnitTests.csproj", "{3D8D143F-C46F-4368-9291-F2E1B05A7C6B}"
EndProject
Global
	GlobalSection(SolutionConfigurationPlatforms) = preSolution
		Debug|Any CPU = Debug|Any CPU
		Release|Any CPU = Release|Any CPU
	EndGlobalSection
	GlobalSection(ProjectConfigurationPlatforms) = postSolution
		{9ECD680A-D7B7-4C41-ABE6-7392E75A2E48}.Debug|Any CPU.ActiveCfg = Debug|Any CPU
		{9ECD680A-D7B7-4C41-ABE6-7392E75A2E48}.Debug|Any CPU.Build.0 = Debug|Any CPU
		{9ECD680A-D7B7-4C41-ABE6-7392E75A2E48}.Release|Any CPU.ActiveCfg = Release|Any CPU
		{9ECD680A-D7B7-4C41-ABE6-7392E75A2E48}.Release|Any CPU.Build.0 = Release|Any CPU
		{3D8D143F-C46F-4368-9291-F2E1B05A7C6B}.Debug|Any CPU.ActiveCfg = Debug|Any CPU
		{3D8D143F-C46F-4368-9291-F2E1B05A7C6B}.Debug|Any CPU.Build.0 = Debug|Any CPU
		{3D8D143F-C46F-4368-9291-F2E1B05A7C6B}.Release|Any CPU.ActiveCfg = Release|Any CPU
		{3D8D143F-C46F-4368-9291-F2E1B05A7C6B}.Release|Any CPU.Build.0 = Release|Any CPU
	EndGlobalSection
	GlobalSection(SolutionProperties) = preSolution
		HideSolutionNode = FALSE
	EndGlobalSection
	GlobalSection(ExtensibilityGlobals) = postSolution
		SolutionGuid = {D9210326-0A8F-492A-B9D5-90B18F3D3F05}
	EndGlobalSection
EndGlobal
